# THIS IS AN AUTOGENERATED FILE. DO NOT EDIT THIS FILE DIRECTLY.
# yarn lockfile v1


"@types/node@*":
  version "14.11.1"
  resolved "https://registry.yarnpkg.com/@types/node/-/node-14.11.1.tgz#56af902ad157e763f9ba63d671c39cda3193c835"
  integrity sha512-oTQgnd0hblfLsJ6BvJzzSL+Inogp3lq9fGgqRkMB/ziKMgEUaFl801OncOzUmalfzt14N0oPHMK47ipl+wbTIw==

"@types/pg-types@*":
  version "1.11.5"
  resolved "https://registry.yarnpkg.com/@types/pg-types/-/pg-types-1.11.5.tgz#1eebbe62b6772fcc75c18957a90f933d155e005b"
  integrity sha512-L8ogeT6vDzT1vxlW3KITTCt+BVXXVkLXfZ/XNm6UqbcJgxf+KPO7yjWx7dQQE8RW07KopL10x2gNMs41+IkMGQ==

"@types/pg@^7.14.5":
  version "7.14.5"
  resolved "https://registry.yarnpkg.com/@types/pg/-/pg-7.14.5.tgz#07638c7aa69061abe4be31267028cc5c3fc35f98"
  integrity sha512-wqTKZmqkqXd1YiVRBT2poRrMIojwEi2bKTAAjUX6nEbzr98jc3cfR/7o7ZtubhH5xT7YJ6LRdRr1GZOgs8OUjg==
  dependencies:
    "@types/node" "*"
    "@types/pg-types" "*"

typescript@^4.0.3:
  version "4.0.3"
  resolved "https://registry.yarnpkg.com/typescript/-/typescript-4.0.3.tgz#153bbd468ef07725c1df9c77e8b453f8d36abba5"
  integrity sha512-tEu6DGxGgRJPb/mVPIZ48e69xCn2yRmCgYmDugAVwmJ6o+0u1RI18eO7E7WBTLYLaEVVOhwQmcdhQHweux/WPg==
